
Microsoft Visual Studio Solution File, Format Version 12.00
# Visual Studio 15
Project("{FAE04EC0-301F-11D3-BF4B-00C04F79EFBC}") = "Assembly-CSharp-Editor", "Assembly-CSharp-Editor.csproj", "{AE1AFD63-DB88-DDED-9150-67A01607A402}"
EndProject
Project("{FAE04EC0-301F-11D3-BF4B-00C04F79EFBC}") = "Assembly-CSharp", "Assembly-CSharp.csproj", "{4DA9D9F2-DC76-6DD7-513F-4C280B37A64C}"
EndProject
Global
	GlobalSection(SolutionConfigurationPlatforms) = preSolution
		Debug|Any CPU = Debug|Any CPU
		Release|Any CPU = Release|Any CPU
	EndGlobalSection
	GlobalSection(ProjectConfigurationPlatforms) = postSolution
		{AE1AFD63-DB88-DDED-9150-67A01607A402}.Debug|Any CPU.ActiveCfg = Debug|Any CPU
		{AE1AFD63-DB88-DDED-9150-67A01607A402}.Debug|Any CPU.Build.0 = Debug|Any CPU
		{AE1AFD63-DB88-DDED-9150-67A01607A402}.Release|Any CPU.ActiveCfg = Release|Any CPU
		{AE1AFD63-DB88-DDED-9150-67A01607A402}.Release|Any CPU.Build.0 = Release|Any CPU
		{4DA9D9F2-DC76-6DD7-513F-4C280B37A64C}.Debug|Any CPU.ActiveCfg = Debug|Any CPU
		{4DA9D9F2-DC76-6DD7-513F-4C280B37A64C}.Debug|Any CPU.Build.0 = Debug|Any CPU
		{4DA9D9F2-DC76-6DD7-513F-4C280B37A64C}.Release|Any CPU.ActiveCfg = Release|Any CPU
		{4DA9D9F2-DC76-6DD7-513F-4C280B37A64C}.Release|Any CPU.Build.0 = Release|Any CPU
	EndGlobalSection
	GlobalSection(SolutionProperties) = preSolution
		HideSolutionNode = FALSE
	EndGlobalSection
EndGlobal
